
Microsoft Visual Studio Solution File, Format Version 12.00
# Visual Studio Version 17
VisualStudioVersion = 17.0.31919.166
MinimumVisualStudioVersion = 10.0.40219.1
Project("{9A19103F-16F7-4668-BE54-9A1E7A4F7556}") = "InfernoCMS", "InfernoCMS\InfernoCMS.csproj", "{6AADA34B-B2AB-496B-AC21-80387F3CF649}"
EndProject
Project("{9A19103F-16F7-4668-BE54-9A1E7A4F7556}") = "Inferno", "Inferno\Inferno.csproj", "{9ADB427E-3F68-4F83-9939-EC8F8123A46B}"
EndProject
Project("{9A19103F-16F7-4668-BE54-9A1E7A4F7556}") = "Inferno.Web", "Inferno.Web\Inferno.Web.csproj", "{6FDF4787-0BF5-4426-ABDE-2E12368CF785}"
EndProject
Project("{9A19103F-16F7-4668-BE54-9A1E7A4F7556}") = "Inferno.Tenants.Abstractions", "Inferno.Tenants.Abstractions\Inferno.Tenants.Abstractions.csproj", "{812458DA-D2D4-4FB6-A900-809E875DE5B3}"
EndProject
Project("{9A19103F-16F7-4668-BE54-9A1E7A4F7556}") = "Inferno.Data.Abstractions", "Inferno.Data.Abstractions\Inferno.Data.Abstractions.csproj", "{32C456BA-B9F3-4F79-B792-C9B034442619}"
EndProject
Project("{9A19103F-16F7-4668-BE54-9A1E7A4F7556}") = "Inferno.Data", "Inferno.Data\Inferno.Data.csproj", "{C2EC7E00-C5B2-425C-9EA9-F8F753CC4CCC}"
EndProject
Project("{9A19103F-16F7-4668-BE54-9A1E7A4F7556}") = "Inferno.Caching.Abstractions", "Inferno.Caching.Abstractions\Inferno.Caching.Abstractions.csproj", "{7C82FA3D-D149-4CF6-B6D6-C6CF45402083}"
EndProject
Project("{9A19103F-16F7-4668-BE54-9A1E7A4F7556}") = "Inferno.Caching", "Inferno.Caching\Inferno.Caching.csproj", "{A5CA5DBA-D50F-498A-9BF2-893E57AC511A}"
EndProject
Project("{9A19103F-16F7-4668-BE54-9A1E7A4F7556}") = "Inferno.Tasks.Abstractions", "Inferno.Tasks.Abstractions\Inferno.Tasks.Abstractions.csproj", "{278F79CC-00DB-4B73-B3F6-8FEA96EF6875}"
EndProject
Project("{9A19103F-16F7-4668-BE54-9A1E7A4F7556}") = "Inferno.Tasks", "Inferno.Tasks\Inferno.Tasks.csproj", "{EC3498FE-6471-4AA7-B92B-BE505E62BCF9}"
EndProject
Project("{9A19103F-16F7-4668-BE54-9A1E7A4F7556}") = "Inferno.Tenants", "Inferno.Tenants\Inferno.Tenants.csproj", "{F7B25055-2626-451D-99EF-EC9B291A3B93}"
EndProject
Project("{9A19103F-16F7-4668-BE54-9A1E7A4F7556}") = "Inferno.Localization.Abstractions", "Inferno.Localization.Abstractions\Inferno.Localization.Abstractions.csproj", "{53ADE407-D582-4881-BDD4-6406F626269A}"
EndProject
Project("{9A19103F-16F7-4668-BE54-9A1E7A4F7556}") = "Inferno.Localization", "Inferno.Localization\Inferno.Localization.csproj", "{948A1AD9-5CCF-47D7-ABCF-8BD24DA707EE}"
EndProject
Project("{9A19103F-16F7-4668-BE54-9A1E7A4F7556}") = "Inferno.Security", "Inferno.Security\Inferno.Security.csproj", "{F23B5646-3108-4B5D-8795-B0E3D51D9510}"
EndProject
Project("{9A19103F-16F7-4668-BE54-9A1E7A4F7556}") = "Inferno.Identity", "Inferno.Identity\Inferno.Identity.csproj", "{01F01888-ED77-462F-9729-4C52EB075C36}"
EndProject
Project("{2150E333-8FDC-42A3-9474-1A3956D46DE8}") = "Tests", "Tests", "{8BA8D4C8-60C3-46C2-899B-7BE5AA4212C5}"
EndProject
Project("{FAE04EC0-301F-11D3-BF4B-00C04F79EFBC}") = "InfernoCMS.Api", "InfernoCMS.Api\InfernoCMS.Api.csproj", "{91E5AC4F-703E-4049-9720-612D28EBF183}"
EndProject
Project("{FAE04EC0-301F-11D3-BF4B-00C04F79EFBC}") = "InfernoCMS.Data", "InfernoCMS.Data\InfernoCMS.Data.csproj", "{F51316BB-9053-48CF-9907-63E12DFE1C42}"
EndProject
Project("{FAE04EC0-301F-11D3-BF4B-00C04F79EFBC}") = "InfernoCMS.Identity", "InfernoCMS.Identity\InfernoCMS.Identity.csproj", "{9DF8486D-B626-4307-8BE3-550E0A900903}"
EndProject
Global
	GlobalSection(SolutionConfigurationPlatforms) = preSolution
		Debug|Any CPU = Debug|Any CPU
		Release|Any CPU = Release|Any CPU
	EndGlobalSection
	GlobalSection(ProjectConfigurationPlatforms) = postSolution
		{6AADA34B-B2AB-496B-AC21-80387F3CF649}.Debug|Any CPU.ActiveCfg = Debug|Any CPU
		{6AADA34B-B2AB-496B-AC21-80387F3CF649}.Debug|Any CPU.Build.0 = Debug|Any CPU
		{6AADA34B-B2AB-496B-AC21-80387F3CF649}.Release|Any CPU.ActiveCfg = Release|Any CPU
		{6AADA34B-B2AB-496B-AC21-80387F3CF649}.Release|Any CPU.Build.0 = Release|Any CPU
		{9ADB427E-3F68-4F83-9939-EC8F8123A46B}.Debug|Any CPU.ActiveCfg = Debug|Any CPU
		{9ADB427E-3F68-4F83-9939-EC8F8123A46B}.Debug|Any CPU.Build.0 = Debug|Any CPU
		{9ADB427E-3F68-4F83-9939-EC8F8123A46B}.Release|Any CPU.ActiveCfg = Release|Any CPU
		{9ADB427E-3F68-4F83-9939-EC8F8123A46B}.Release|Any CPU.Build.0 = Release|Any CPU
		{6FDF4787-0BF5-4426-ABDE-2E12368CF785}.Debug|Any CPU.ActiveCfg = Debug|Any CPU
		{6FDF4787-0BF5-4426-ABDE-2E12368CF785}.Debug|Any CPU.Build.0 = Debug|Any CPU
		{6FDF4787-0BF5-4426-ABDE-2E12368CF785}.Release|Any CPU.ActiveCfg = Release|Any CPU
		{6FDF4787-0BF5-4426-ABDE-2E12368CF785}.Release|Any CPU.Build.0 = Release|Any CPU
		{812458DA-D2D4-4FB6-A900-809E875DE5B3}.Debug|Any CPU.ActiveCfg = Debug|Any CPU
		{812458DA-D2D4-4FB6-A900-809E875DE5B3}.Debug|Any CPU.Build.0 = Debug|Any CPU
		{812458DA-D2D4-4FB6-A900-809E875DE5B3}.Release|Any CPU.ActiveCfg = Release|Any CPU
		{812458DA-D2D4-4FB6-A900-809E875DE5B3}.Release|Any CPU.Build.0 = Release|Any CPU
		{32C456BA-B9F3-4F79-B792-C9B034442619}.Debug|Any CPU.ActiveCfg = Debug|Any CPU
		{32C456BA-B9F3-4F79-B792-C9B034442619}.Debug|Any CPU.Build.0 = Debug|Any CPU
		{32C456BA-B9F3-4F79-B792-C9B034442619}.Release|Any CPU.ActiveCfg = Release|Any CPU
		{32C456BA-B9F3-4F79-B792-C9B034442619}.Release|Any CPU.Build.0 = Release|Any CPU
		{C2EC7E00-C5B2-425C-9EA9-F8F753CC4CCC}.Debug|Any CPU.ActiveCfg = Debug|Any CPU
		{C2EC7E00-C5B2-425C-9EA9-F8F753CC4CCC}.Debug|Any CPU.Build.0 = Debug|Any CPU
		{C2EC7E00-C5B2-425C-9EA9-F8F753CC4CCC}.Release|Any CPU.ActiveCfg = Release|Any CPU
		{C2EC7E00-C5B2-425C-9EA9-F8F753CC4CCC}.Release|Any CPU.Build.0 = Release|Any CPU
		{7C82FA3D-D149-4CF6-B6D6-C6CF45402083}.Debug|Any CPU.ActiveCfg = Debug|Any CPU
		{7C82FA3D-D149-4CF6-B6D6-C6CF45402083}.Debug|Any CPU.Build.0 = Debug|Any CPU
		{7C82FA3D-D149-4CF6-B6D6-C6CF45402083}.Release|Any CPU.ActiveCfg = Release|Any CPU
		{7C82FA3D-D149-4CF6-B6D6-C6CF45402083}.Release|Any CPU.Build.0 = Release|Any CPU
		{A5CA5DBA-D50F-498A-9BF2-893E57AC511A}.Debug|Any CPU.ActiveCfg = Debug|Any CPU
		{A5CA5DBA-D50F-498A-9BF2-893E57AC511A}.Debug|Any CPU.Build.0 = Debug|Any CPU
		{A5CA5DBA-D50F-498A-9BF2-893E57AC511A}.Release|Any CPU.ActiveCfg = Release|Any CPU
		{A5CA5DBA-D50F-498A-9BF2-893E57AC511A}.Release|Any CPU.Build.0 = Release|Any CPU
		{278F79CC-00DB-4B73-B3F6-8FEA96EF6875}.Debug|Any CPU.ActiveCfg = Debug|Any CPU
		{278F79CC-00DB-4B73-B3F6-8FEA96EF6875}.Debug|Any CPU.Build.0 = Debug|Any CPU
		{278F79CC-00DB-4B73-B3F6-8FEA96EF6875}.Release|Any CPU.ActiveCfg = Release|Any CPU
		{278F79CC-00DB-4B73-B3F6-8FEA96EF6875}.Release|Any CPU.Build.0 = Release|Any CPU
		{EC3498FE-6471-4AA7-B92B-BE505E62BCF9}.Debug|Any CPU.ActiveCfg = Debug|Any CPU
		{EC3498FE-6471-4AA7-B92B-BE505E62BCF9}.Debug|Any CPU.Build.0 = Debug|Any CPU
		{EC3498FE-6471-4AA7-B92B-BE505E62BCF9}.Release|Any CPU.ActiveCfg = Release|Any CPU
		{EC3498FE-6471-4AA7-B92B-BE505E62BCF9}.Release|Any CPU.Build.0 = Release|Any CPU
		{F7B25055-2626-451D-99EF-EC9B291A3B93}.Debug|Any CPU.ActiveCfg = Debug|Any CPU
		{F7B25055-2626-451D-99EF-EC9B291A3B93}.Debug|Any CPU.Build.0 = Debug|Any CPU
		{F7B25055-2626-451D-99EF-EC9B291A3B93}.Release|Any CPU.ActiveCfg = Release|Any CPU
		{F7B25055-2626-451D-99EF-EC9B291A3B93}.Release|Any CPU.Build.0 = Release|Any CPU
		{53ADE407-D582-4881-BDD4-6406F626269A}.Debug|Any CPU.ActiveCfg = Debug|Any CPU
		{53ADE407-D582-4881-BDD4-6406F626269A}.Debug|Any CPU.Build.0 = Debug|Any CPU
		{53ADE407-D582-4881-BDD4-6406F626269A}.Release|Any CPU.ActiveCfg = Release|Any CPU
		{53ADE407-D582-4881-BDD4-6406F626269A}.Release|Any CPU.Build.0 = Release|Any CPU
		{948A1AD9-5CCF-47D7-ABCF-8BD24DA707EE}.Debug|Any CPU.ActiveCfg = Debug|Any CPU
		{948A1AD9-5CCF-47D7-ABCF-8BD24DA707EE}.Debug|Any CPU.Build.0 = Debug|Any CPU
		{948A1AD9-5CCF-47D7-ABCF-8BD24DA707EE}.Release|Any CPU.ActiveCfg = Release|Any CPU
		{948A1AD9-5CCF-47D7-ABCF-8BD24DA707EE}.Release|Any CPU.Build.0 = Release|Any CPU
		{F23B5646-3108-4B5D-8795-B0E3D51D9510}.Debug|Any CPU.ActiveCfg = Debug|Any CPU
		{F23B5646-3108-4B5D-8795-B0E3D51D9510}.Debug|Any CPU.Build.0 = Debug|Any CPU
		{F23B5646-3108-4B5D-8795-B0E3D51D9510}.Release|Any CPU.ActiveCfg = Release|Any CPU
		{F23B5646-3108-4B5D-8795-B0E3D51D9510}.Release|Any CPU.Build.0 = Release|Any CPU
		{01F01888-ED77-462F-9729-4C52EB075C36}.Debug|Any CPU.ActiveCfg = Debug|Any CPU
		{01F01888-ED77-462F-9729-4C52EB075C36}.Debug|Any CPU.Build.0 = Debug|Any CPU
		{01F01888-ED77-462F-9729-4C52EB075C36}.Release|Any CPU.ActiveCfg = Release|Any CPU
		{01F01888-ED77-462F-9729-4C52EB075C36}.Release|Any CPU.Build.0 = Release|Any CPU
		{91E5AC4F-703E-4049-9720-612D28EBF183}.Debug|Any CPU.ActiveCfg = Debug|Any CPU
		{91E5AC4F-703E-4049-9720-612D28EBF183}.Debug|Any CPU.Build.0 = Debug|Any CPU
		{91E5AC4F-703E-4049-9720-612D28EBF183}.Release|Any CPU.ActiveCfg = Release|Any CPU
		{91E5AC4F-703E-4049-9720-612D28EBF183}.Release|Any CPU.Build.0 = Release|Any CPU
		{F51316BB-9053-48CF-9907-63E12DFE1C42}.Debug|Any CPU.ActiveCfg = Debug|Any CPU
		{F51316BB-9053-48CF-9907-63E12DFE1C42}.Debug|Any CPU.Build.0 = Debug|Any CPU
		{F51316BB-9053-48CF-9907-63E12DFE1C42}.Release|Any CPU.ActiveCfg = Release|Any CPU
		{F51316BB-9053-48CF-9907-63E12DFE1C42}.Release|Any CPU.Build.0 = Release|Any CPU
		{9DF8486D-B626-4307-8BE3-550E0A900903}.Debug|Any CPU.ActiveCfg = Debug|Any CPU
		{9DF8486D-B626-4307-8BE3-550E0A900903}.Debug|Any CPU.Build.0 = Debug|Any CPU
		{9DF8486D-B626-4307-8BE3-550E0A900903}.Release|Any CPU.ActiveCfg = Release|Any CPU
		{9DF8486D-B626-4307-8BE3-550E0A900903}.Release|Any CPU.Build.0 = Release|Any CPU
	EndGlobalSection
	GlobalSection(SolutionProperties) = preSolution
		HideSolutionNode = FALSE
	EndGlobalSection
	GlobalSection(ExtensibilityGlobals) = postSolution
		SolutionGuid = {4488787B-AFF4-4442-992C-001CAFAFA5CE}
	EndGlobalSection
EndGlobal
